
Microsoft Visual Studio Solution File, Format Version 11.00
# Visual Studio 2010
Project("{FAE04EC0-301F-11D3-BF4B-00C04F79EFBC}") = "MongoDbAppender", "MongoDbAppender\MongoDbAppender.csproj", "{51DE12F3-72C6-4EE8-87EB-461FD2319ABB}"
EndProject
Project("{FAE04EC0-301F-11D3-BF4B-00C04F79EFBC}") = "MongoDbAppernderTest", "MongoDbAppernderTest\MongoDbAppernderTest.csproj", "{EB121FF2-8A78-46E9-B797-A851EA0FE635}"
EndProject
Project("{2150E333-8FDC-42A3-9474-1A3956D46DE8}") = "Solution Items", "Solution Items", "{B264F4CF-9D82-43B6-B16A-31B5787E2CA4}"
	ProjectSection(SolutionItems) = preProject
		Local.testsettings = Local.testsettings
		MongoDbAppender.vsmdi = MongoDbAppender.vsmdi
		TraceAndTestImpact.testsettings = TraceAndTestImpact.testsettings
	EndProjectSection
EndProject
Project("{2150E333-8FDC-42A3-9474-1A3956D46DE8}") = "Test", "Test", "{E5FF50CC-8F0C-4C98-A20E-B1C7724BD036}"
EndProject
Project("{FAE04EC0-301F-11D3-BF4B-00C04F79EFBC}") = "MongoDbAppender.Query", "MongoDbAppender.Query\MongoDbAppender.Query.csproj", "{34DE25F1-B7A6-4714-B8A1-5C252F0B176E}"
EndProject
Global
	GlobalSection(TestCaseManagementSettings) = postSolution
		CategoryFile = MongoDbAppender.vsmdi
	EndGlobalSection
	GlobalSection(SolutionConfigurationPlatforms) = preSolution
		Debug|Any CPU = Debug|Any CPU
		Release|Any CPU = Release|Any CPU
	EndGlobalSection
	GlobalSection(ProjectConfigurationPlatforms) = postSolution
		{51DE12F3-72C6-4EE8-87EB-461FD2319ABB}.Debug|Any CPU.ActiveCfg = Debug|Any CPU
		{51DE12F3-72C6-4EE8-87EB-461FD2319ABB}.Debug|Any CPU.Build.0 = Debug|Any CPU
		{51DE12F3-72C6-4EE8-87EB-461FD2319ABB}.Release|Any CPU.ActiveCfg = Release|Any CPU
		{51DE12F3-72C6-4EE8-87EB-461FD2319ABB}.Release|Any CPU.Build.0 = Release|Any CPU
		{EB121FF2-8A78-46E9-B797-A851EA0FE635}.Debug|Any CPU.ActiveCfg = Debug|Any CPU
		{EB121FF2-8A78-46E9-B797-A851EA0FE635}.Debug|Any CPU.Build.0 = Debug|Any CPU
		{EB121FF2-8A78-46E9-B797-A851EA0FE635}.Release|Any CPU.ActiveCfg = Release|Any CPU
		{EB121FF2-8A78-46E9-B797-A851EA0FE635}.Release|Any CPU.Build.0 = Release|Any CPU
		{34DE25F1-B7A6-4714-B8A1-5C252F0B176E}.Debug|Any CPU.ActiveCfg = Debug|Any CPU
		{34DE25F1-B7A6-4714-B8A1-5C252F0B176E}.Debug|Any CPU.Build.0 = Debug|Any CPU
		{34DE25F1-B7A6-4714-B8A1-5C252F0B176E}.Release|Any CPU.ActiveCfg = Release|Any CPU
		{34DE25F1-B7A6-4714-B8A1-5C252F0B176E}.Release|Any CPU.Build.0 = Release|Any CPU
	EndGlobalSection
	GlobalSection(SolutionProperties) = preSolution
		HideSolutionNode = FALSE
	EndGlobalSection
	GlobalSection(NestedProjects) = preSolution
		{EB121FF2-8A78-46E9-B797-A851EA0FE635} = {E5FF50CC-8F0C-4C98-A20E-B1C7724BD036}
	EndGlobalSection
EndGlobal
